
Microsoft Visual Studio Solution File, Format Version 12.00
# Visual Studio Version 16
VisualStudioVersion = 16.0.30204.135
MinimumVisualStudioVersion = 10.0.40219.1
Project("{9092AA53-FB77-4645-B42D-1CCCA6BD08BD}") = "apt4me", "apt4me\apt4me.njsproj", "{76A975E3-A9B2-415E-8A0D-4969FD7E6846}"
EndProject
Global
	GlobalSection(SolutionConfigurationPlatforms) = preSolution
		Debug|Any CPU = Debug|Any CPU
		Release|Any CPU = Release|Any CPU
	EndGlobalSection
	GlobalSection(ProjectConfigurationPlatforms) = postSolution
		{76A975E3-A9B2-415E-8A0D-4969FD7E6846}.Debug|Any CPU.ActiveCfg = Debug|Any CPU
		{76A975E3-A9B2-415E-8A0D-4969FD7E6846}.Debug|Any CPU.Build.0 = Debug|Any CPU
		{76A975E3-A9B2-415E-8A0D-4969FD7E6846}.Release|Any CPU.ActiveCfg = Release|Any CPU
		{76A975E3-A9B2-415E-8A0D-4969FD7E6846}.Release|Any CPU.Build.0 = Release|Any CPU
	EndGlobalSection
	GlobalSection(SolutionProperties) = preSolution
		HideSolutionNode = FALSE
	EndGlobalSection
	GlobalSection(ExtensibilityGlobals) = postSolution
		SolutionGuid = {BF63A0C1-E318-47B7-8851-B880A0BAB2CF}
	EndGlobalSection
EndGlobal
